
Microsoft Visual Studio Solution File, Format Version 12.00
# Visual Studio Version 17
VisualStudioVersion = 17.5.002.0
MinimumVisualStudioVersion = 10.0.40219.1
Project("{9A19103F-16F7-4668-BE54-9A1E7A4F7556}") = "SharedC", "SharedC\SharedC.csproj", "{C776B849-7103-4A9E-B15B-BA733ED95EC8}"
EndProject
Project("{2150E333-8FDC-42A3-9474-1A3956D46DE8}") = "Go", "Go", "{864A54CC-D129-472F-8DA6-822E2F04E45B}"
EndProject
Project("{9A19103F-16F7-4668-BE54-9A1E7A4F7556}") = "GoBuilder", "Go\GoBuilder\GoBuilder.csproj", "{2AA6D989-D248-4795-93DD-0771DC81D5B8}"
EndProject
Global
	GlobalSection(SolutionConfigurationPlatforms) = preSolution
		Debug|Any CPU = Debug|Any CPU
		Release|Any CPU = Release|Any CPU
	EndGlobalSection
	GlobalSection(ProjectConfigurationPlatforms) = postSolution
		{C776B849-7103-4A9E-B15B-BA733ED95EC8}.Debug|Any CPU.ActiveCfg = Debug|Any CPU
		{C776B849-7103-4A9E-B15B-BA733ED95EC8}.Debug|Any CPU.Build.0 = Debug|Any CPU
		{C776B849-7103-4A9E-B15B-BA733ED95EC8}.Release|Any CPU.ActiveCfg = Release|Any CPU
		{C776B849-7103-4A9E-B15B-BA733ED95EC8}.Release|Any CPU.Build.0 = Release|Any CPU
		{2AA6D989-D248-4795-93DD-0771DC81D5B8}.Debug|Any CPU.ActiveCfg = Debug|Any CPU
		{2AA6D989-D248-4795-93DD-0771DC81D5B8}.Debug|Any CPU.Build.0 = Debug|Any CPU
		{2AA6D989-D248-4795-93DD-0771DC81D5B8}.Release|Any CPU.ActiveCfg = Release|Any CPU
		{2AA6D989-D248-4795-93DD-0771DC81D5B8}.Release|Any CPU.Build.0 = Release|Any CPU
	EndGlobalSection
	GlobalSection(SolutionProperties) = preSolution
		HideSolutionNode = FALSE
	EndGlobalSection
	GlobalSection(NestedProjects) = preSolution
		{2AA6D989-D248-4795-93DD-0771DC81D5B8} = {864A54CC-D129-472F-8DA6-822E2F04E45B}
	EndGlobalSection
	GlobalSection(ExtensibilityGlobals) = postSolution
		SolutionGuid = {EEB34A7A-765D-4F9F-A123-8308DC179D80}
	EndGlobalSection
EndGlobal
